
Microsoft Visual Studio Solution File, Format Version 10.00
# Visual Studio 2008
Project("{FAE04EC0-301F-11D3-BF4B-00C04F79EFBC}") = "WindowTest", "WindowTest\WindowTest.csproj", "{08093CBA-7792-4AFA-921A-F0206B70589A}"
EndProject
Global
	GlobalSection(SolutionConfigurationPlatforms) = preSolution
		Debug|Any CPU = Debug|Any CPU
		Release|Any CPU = Release|Any CPU
	EndGlobalSection
	GlobalSection(ProjectConfigurationPlatforms) = postSolution
		{08093CBA-7792-4AFA-921A-F0206B70589A}.Debug|Any CPU.ActiveCfg = Debug|Any CPU
		{08093CBA-7792-4AFA-921A-F0206B70589A}.Debug|Any CPU.Build.0 = Debug|Any CPU
		{08093CBA-7792-4AFA-921A-F0206B70589A}.Release|Any CPU.ActiveCfg = Release|Any CPU
		{08093CBA-7792-4AFA-921A-F0206B70589A}.Release|Any CPU.Build.0 = Release|Any CPU
	EndGlobalSection
	GlobalSection(SolutionProperties) = preSolution
		HideSolutionNode = FALSE
	EndGlobalSection
EndGlobal
